// !$*UTF8*$!
{
	archiveVersion = 1;
	classes = {
	};
	objectVersion = 46;
	objects = {

/* Begin PBXBuildFile section */
		338328D22031DAFF005D6427 /* AppDelegate.m in Sources */ = {isa = PBXBuildFile; fileRef = 338328D12031DAFF005D6427 /* AppDelegate.m */; };
		338328D52031DAFF005D6427 /* main.m in Sources */ = {isa = PBXBuildFile; fileRef = 338328D42031DAFF005D6427 /* main.m */; };
		338328D72031DAFF005D6427 /* Assets.xcassets in Resources */ = {isa = PBXBuildFile; fileRef = 338328D62031DAFF005D6427 /* Assets.xcassets */; };
		338328DA2031DAFF005D6427 /* MainMenu.xib in Resources */ = {isa = PBXBuildFile; fileRef = 338328D82031DAFF005D6427 /* MainMenu.xib */; };
		A713273A2032FB3B006C4ADA /* DragDrop.m in Sources */ = {isa = PBXBuildFile; fileRef = A71327392032FB3B006C4ADA /* DragDrop.m */; };
/* End PBXBuildFile section */

/* Begin PBXFileReference section */
		338328CD2031DAFF005D6427 /* ReName-ObjC.app */ = {isa = PBXFileReference; explicitFileType = wrapper.application; includeInIndex = 0; path = "ReName-ObjC.app"; sourceTree = BUILT_PRODUCTS_DIR; };
		338328D02031DAFF005D6427 /* AppDelegate.h */ = {isa = PBXFileReference; lastKnownFileType = sourcecode.c.h; path = AppDelegate.h; sourceTree = "<group>"; };
		338328D12031DAFF005D6427 /* AppDelegate.m */ = {isa = PBXFileReference; lastKnownFileType = sourcecode.c.objc; path = AppDelegate.m; sourceTree = "<group>"; };
		338328D42031DAFF005D6427 /* main.m */ = {isa = PBXFileReference; lastKnownFileType = sourcecode.c.objc; path = main.m; sourceTree = "<group>"; };
		338328D62031DAFF005D6427 /* Assets.xcassets */ = {isa = PBXFileReference; lastKnownFileType = folder.assetcatalog; path = Assets.xcassets; sourceTree = "<group>"; };
		338328D92031DAFF005D6427 /* Base */ = {isa = PBXFileReference; lastKnownFileType = file.xib; name = Base; path = Base.lproj/MainMenu.xib; sourceTree = "<group>"; };
		338328DB2031DAFF005D6427 /* Info.plist */ = {isa = PBXFileReference; lastKnownFileType = text.plist.xml; path = Info.plist; sourceTree = "<group>"; };
		A71327382032FB3B006C4ADA /* DragDrop.h */ = {isa = PBXFileReference; lastKnownFileType = sourcecode.c.h; path = DragDrop.h; sourceTree = "<group>"; };
		A71327392032FB3B006C4ADA /* DragDrop.m */ = {isa = PBXFileReference; lastKnownFileType = sourcecode.c.objc; path = DragDrop.m; sourceTree = "<group>"; };
/* End PBXFileReference section */

/* Begin PBXFrameworksBuildPhase section */
		338328CA2031DAFF005D6427 /* Frameworks */ = {
			isa = PBXFrameworksBuildPhase;
			buildActionMask = 2147483647;
			files = (
			);
			runOnlyForDeploymentPostprocessing = 0;
		};
/* End PBXFrameworksBuildPhase section */

/* Begin PBXGroup section */
		338328C42031DAFF005D6427 = {
			isa = PBXGroup;
			children = (
				338328CF2031DAFF005D6427 /* ReName-ObjC */,
				338328CE2031DAFF005D6427 /* Products */,
			);
			sourceTree = "<group>";
		};
		338328CE2031DAFF005D6427 /* Products */ = {
			isa = PBXGroup;
			children = (
				338328CD2031DAFF005D6427 /* ReName-ObjC.app */,
			);
			name = Products;
			sourceTree = "<group>";
		};
		338328CF2031DAFF005D6427 /* ReName-ObjC */ = {
			isa = PBXGroup;
			children = (
				338328D02031DAFF005D6427 /* AppDelegate.h */,
				338328D12031DAFF005D6427 /* AppDelegate.m */,
				338328D62031DAFF005D6427 /* Assets.xcassets */,
				338328D82031DAFF005D6427 /* MainMenu.xib */,
				338328DB2031DAFF005D6427 /* Info.plist */,
				A71327382032FB3B006C4ADA /* DragDrop.h */,
				A71327392032FB3B006C4ADA /* DragDrop.m */,
				338328D32031DAFF005D6427 /* Supporting Files */,
			);
			path = "ReName-ObjC";
			sourceTree = "<group>";
		};
		338328D32031DAFF005D6427 /* Supporting Files */ = {
			isa = PBXGroup;
			children = (
				338328D42031DAFF005D6427 /* main.m */,
			);
			name = "Supporting Files";
			sourceTree = "<group>";
		};
/* End PBXGroup section */

/* Begin PBXNativeTarget section */
		338328CC2031DAFF005D6427 /* ReName-ObjC */ = {
			isa = PBXNativeTarget;
			buildConfigurationList = 338328DE2031DAFF005D6427 /* Build configuration list for PBXNativeTarget "ReName-ObjC" */;
			buildPhases = (
				338328C92031DAFF005D6427 /* Sources */,
				338328CA2031DAFF005D6427 /* Frameworks */,
				338328CB2031DAFF005D6427 /* Resources */,
			);
			buildRules = (
			);
			dependencies = (
			);
			name = "ReName-ObjC";
			productName = "ReName-ObjC";
			productReference = 338328CD2031DAFF005D6427 /* ReName-ObjC.app */;
			productType = "com.apple.product-type.application";
		};
/* End PBXNativeTarget section */

/* Begin PBXProject section */
		338328C52031DAFF005D6427 /* Project object */ = {
			isa = PBXProject;
			attributes = {
				LastUpgradeCheck = 1020;
				ORGANIZATIONNAME = Yosuke.Nakayama;
				TargetAttributes = {
					338328CC2031DAFF005D6427 = {
						CreatedOnToolsVersion = 8.0;
						DevelopmentTeam = XM663NRHRM;
						ProvisioningStyle = Automatic;
					};
				};
			};
			buildConfigurationList = 338328C82031DAFF005D6427 /* Build configuration list for PBXProject "ReName-ObjC" */;
			compatibilityVersion = "Xcode 3.2";
			developmentRegion = en;
			hasScannedForEncodings = 0;
			knownRegions = (
				en,
				Base,
			);
			mainGroup = 338328C42031DAFF005D6427;
			productRefGroup = 338328CE2031DAFF005D6427 /* Products */;
			projectDirPath = "";
			projectRoot = "";
			targets = (
				338328CC2031DAFF005D6427 /* ReName-ObjC */,
			);
		};
/* End PBXProject section */

/* Begin PBXResourcesBuildPhase section */
		338328CB2031DAFF005D6427 /* Resources */ = {
			isa = PBXResourcesBuildPhase;
			buildActionMask = 2147483647;
			files = (
				338328D72031DAFF005D6427 /* Assets.xcassets in Resources */,
				338328DA2031DAFF005D6427 /* MainMenu.xib in Resources */,
			);
			runOnlyForDeploymentPostprocessing = 0;
		};
/* End PBXResourcesBuildPhase section */

/* Begin PBXSourcesBuildPhase section */
		338328C92031DAFF005D6427 /* Sources */ = {
			isa = PBXSourcesBuildPhase;
			buildActionMask = 2147483647;
			files = (
				338328D52031DAFF005D6427 /* main.m in Sources */,
				A713273A2032FB3B006C4ADA /* DragDrop.m in Sources */,
				338328D22031DAFF005D6427 /* AppDelegate.m in Sources */,
			);
			runOnlyForDeploymentPostprocessing = 0;
		};
/* End PBXSourcesBuildPhase section */

/* Begin PBXVariantGroup section */
		338328D82031DAFF005D6427 /* MainMenu.xib */ = {
			isa = PBXVariantGroup;
			children = (
				338328D92031DAFF005D6427 /* Base */,
			);
			name = MainMenu.xib;
			sourceTree = "<group>";
		};
/* End PBXVariantGroup section */

/* Begin XCBuildConfiguration section */
		338328DC2031DAFF005D6427 /* Debug */ = {
			isa = XCBuildConfiguration;
			buildSettings = {
				ALWAYS_SEARCH_USER_PATHS = NO;
				CLANG_ANALYZER_LOCALIZABILITY_NONLOCALIZED = YES;
				CLANG_ANALYZER_NONNULL = YES;
				CLANG_CXX_LANGUAGE_STANDARD = "gnu++0x";
				CLANG_CXX_LIBRARY = "libc++";
				CLANG_ENABLE_MODULES = YES;
				CLANG_ENABLE_OBJC_ARC = YES;
				CLANG_WARN_BLOCK_CAPTURE_AUTORELEASING = YES;
				CLANG_WARN_BOOL_CONVERSION = YES;
				CLANG_WARN_COMMA = YES;
				CLANG_WARN_CONSTANT_CONVERSION = YES;
				CLANG_WARN_DEPRECATED_OBJC_IMPLEMENTATIONS = YES;
				CLANG_WARN_DIRECT_OBJC_ISA_USAGE = YES_ERROR;
				CLANG_WARN_DOCUMENTATION_COMMENTS = YES;
				CLANG_WARN_EMPTY_BODY = YES;
				CLANG_WARN_ENUM_CONVERSION = YES;
				CLANG_WARN_INFINITE_RECURSION = YES;
				CLANG_WARN_INT_CONVERSION = YES;
				CLANG_WARN_NON_LITERAL_NULL_CONVERSION = YES;
				CLANG_WARN_OBJC_IMPLICIT_RETAIN_SELF = YES;
				CLANG_WARN_OBJC_LITERAL_CONVERSION = YES;
				CLANG_WARN_OBJC_ROOT_CLASS = YES_ERROR;
				CLANG_WARN_RANGE_LOOP_ANALYSIS = YES;
				CLANG_WARN_STRICT_PROTOTYPES = YES;
				CLANG_WARN_SUSPICIOUS_MOVE = YES;
				CLANG_WARN_SUSPICIOUS_MOVES = YES;
				CLANG_WARN_UNREACHABLE_CODE = YES;
				CLANG_WARN__DUPLICATE_METHOD_MATCH = YES;
				CODE_SIGN_IDENTITY = "-";
				COPY_PHASE_STRIP = NO;
				DEBUG_INFORMATION_FORMAT = dwarf;
				ENABLE_STRICT_OBJC_MSGSEND = YES;
				ENABLE_TESTABILITY = YES;
				GCC_C_LANGUAGE_STANDARD = gnu99;
				GCC_DYNAMIC_NO_PIC = NO;
				GCC_NO_COMMON_BLOCKS = YES;
				GCC_OPTIMIZATION_LEVEL = 0;
				GCC_PREPROCESSOR_DEFINITIONS = (
					"DEBUG=1",
					"$(inherited)",
				);
				GCC_WARN_64_TO_32_BIT_CONVERSION = YES;
				GCC_WARN_ABOUT_RETURN_TYPE = YES_ERROR;
				GCC_WARN_UNDECLARED_SELECTOR = YES;
				GCC_WARN_UNINITIALIZED_AUTOS = YES_AGGRESSIVE;
				GCC_WARN_UNUSED_FUNCTION = YES;
				GCC_WARN_UNUSED_VARIABLE = YES;
				MACOSX_DEPLOYMENT_TARGET = 10.14;
				MTL_ENABLE_DEBUG_INFO = YES;
				ONLY_ACTIVE_ARCH = YES;
				SDKROOT = macosx;
			};
			name = Debug;
		};
		338328DD2031DAFF005D6427 /* Release */ = {
			isa = XCBuildConfiguration;
			buildSettings = {
				ALWAYS_SEARCH_USER_PATHS = NO;
				CLANG_ANALYZER_LOCALIZABILITY_NONLOCALIZED = YES;
				CLANG_ANALYZER_NONNULL = YES;
				CLANG_CXX_LANGUAGE_STANDARD = "gnu++0x";
				CLANG_CXX_LIBRARY = "libc++";
				CLANG_ENABLE_MODULES = YES;
				CLANG_ENABLE_OBJC_ARC = YES;
				CLANG_WARN_BLOCK_CAPTURE_AUTORELEASING = YES;
				CLANG_WARN_BOOL_CONVERSION = YES;
				CLANG_WARN_COMMA = YES;
				CLANG_WARN_CONSTANT_CONVERSION = YES;
				CLANG_WARN_DEPRECATED_OBJC_IMPLEMENTATIONS = YES;
				CLANG_WARN_DIRECT_OBJC_ISA_USAGE = YES_ERROR;
				CLANG_WARN_DOCUMENTATION_COMMENTS = YES;
				CLANG_WARN_EMPTY_BODY = YES;
				CLANG_WARN_ENUM_CONVERSION = YES;
				CLANG_WARN_INFINITE_RECURSION = YES;
				CLANG_WARN_INT_CONVERSION = YES;
				CLANG_WARN_NON_LITERAL_NULL_CONVERSION = YES;
				CLANG_WARN_OBJC_IMPLICIT_RETAIN_SELF = YES;
				CLANG_WARN_OBJC_LITERAL_CONVERSION = YES;
				CLANG_WARN_OBJC_ROOT_CLASS = YES_ERROR;
				CLANG_WARN_RANGE_LOOP_ANALYSIS = YES;
				CLANG_WARN_STRICT_PROTOTYPES = YES;
				CLANG_WARN_SUSPICIOUS_MOVE = YES;
				CLANG_WARN_SUSPICIOUS_MOVES = YES;
				CLANG_WARN_UNREACHABLE_CODE = YES;
				CLANG_WARN__DUPLICATE_METHOD_MATCH = YES;
				CODE_SIGN_IDENTITY = "-";
				COPY_PHASE_STRIP = NO;
				DEBUG_INFORMATION_FORMAT = "dwarf-with-dsym";
				ENABLE_NS_ASSERTIONS = NO;
				ENABLE_STRICT_OBJC_MSGSEND = YES;
				GCC_C_LANGUAGE_STANDARD = gnu99;
				GCC_NO_COMMON_BLOCKS = YES;
				GCC_WARN_64_TO_32_BIT_CONVERSION = YES;
				GCC_WARN_ABOUT_RETURN_TYPE = YES_ERROR;
				GCC_WARN_UNDECLARED_SELECTOR = YES;
				GCC_WARN_UNINITIALIZED_AUTOS = YES_AGGRESSIVE;
				GCC_WARN_UNUSED_FUNCTION = YES;
				GCC_WARN_UNUSED_VARIABLE = YES;
				MACOSX_DEPLOYMENT_TARGET = 10.14;
				MTL_ENABLE_DEBUG_INFO = NO;
				SDKROOT = macosx;
			};
			name = Release;
		};
		338328DF2031DAFF005D6427 /* Debug */ = {
			isa = XCBuildConfiguration;
			buildSettings = {
				ASSETCATALOG_COMPILER_APPICON_NAME = AppIcon;
				CODE_SIGN_IDENTITY = "Mac Developer";
				COMBINE_HIDPI_IMAGES = YES;
				DEVELOPMENT_TEAM = XM663NRHRM;
				INFOPLIST_FILE = "ReName-ObjC/Info.plist";
				LD_RUNPATH_SEARCH_PATHS = "$(inherited) @executable_path/../Frameworks";
				MACOSX_DEPLOYMENT_TARGET = 10.14;
				PRODUCT_BUNDLE_IDENTIFIER = "yosuke.nakayama.ReName-ObjC";
				PRODUCT_NAME = "$(TARGET_NAME)";
			};
			name = Debug;
		};
		338328E02031DAFF005D6427 /* Release */ = {
			isa = XCBuildConfiguration;
			buildSettings = {
				ASSETCATALOG_COMPILER_APPICON_NAME = AppIcon;
				CODE_SIGN_IDENTITY = "Mac Developer";
				COMBINE_HIDPI_IMAGES = YES;
				DEVELOPMENT_TEAM = XM663NRHRM;
				INFOPLIST_FILE = "ReName-ObjC/Info.plist";
				LD_RUNPATH_SEARCH_PATHS = "$(inherited) @executable_path/../Frameworks";
				MACOSX_DEPLOYMENT_TARGET = 10.14;
				PRODUCT_BUNDLE_IDENTIFIER = "yosuke.nakayama.ReName-ObjC";
				PRODUCT_NAME = "$(TARGET_NAME)";
			};
			name = Release;
		};
/* End XCBuildConfiguration section */

/* Begin XCConfigurationList section */
		338328C82031DAFF005D6427 /* Build configuration list for PBXProject "ReName-ObjC" */ = {
			isa = XCConfigurationList;
			buildConfigurations = (
				338328DC2031DAFF005D6427 /* Debug */,
				338328DD2031DAFF005D6427 /* Release */,
			);
			defaultConfigurationIsVisible = 0;
			defaultConfigurationName = Release;
		};
		338328DE2031DAFF005D6427 /* Build configuration list for PBXNativeTarget "ReName-ObjC" */ = {
			isa = XCConfigurationList;
			buildConfigurations = (
				338328DF2031DAFF005D6427 /* Debug */,
				338328E02031DAFF005D6427 /* Release */,
			);
			defaultConfigurationIsVisible = 0;
			defaultConfigurationName = Release;
		};
/* End XCConfigurationList section */
	};
	rootObject = 338328C52031DAFF005D6427 /* Project object */;
}
